Microsoft Visual Studio Solution File, Format Version 12.00
# Visual Studio 14
VisualStudioVersion = 14.0.25123.0
MinimumVisualStudioVersion = 10.0.40219.1
Project("{8BC9CEB8-8B4A-11D0-8D11-00A0C91BC942}") = "run_default", "Intermediate\run_default.vcxproj", "{EAD84F82-BF9A-46AC-8202-51150498EA54}"
	ProjectSection(ProjectDependencies) = postProject
		{F36742E7-38DC-4557-B632-6DFBBF94D4C0} = {F36742E7-38DC-4557-B632-6DFBBF94D4C0}
		{14C45103-1D6C-4681-AC1B-4D03F0418ADF} = {14C45103-1D6C-4681-AC1B-4D03F0418ADF}
	EndProjectSection
EndProject
Project("{8BC9CEB8-8B4A-11D0-8D11-00A0C91BC942}") = "application_editor", "Intermediate\application_editor.vcxproj", "{14C45103-1D6C-4681-AC1B-4D03F0418ADF}"
	ProjectSection(ProjectDependencies) = postProject
		{F36742E7-38DC-4557-B632-6DFBBF94D4C0} = {F36742E7-38DC-4557-B632-6DFBBF94D4C0}
		{6946E375-FA00-493A-B215-1A994C5E9FDC} = {6946E375-FA00-493A-B215-1A994C5E9FDC}
	EndProjectSection
EndProject
Project("{8BC9CEB8-8B4A-11D0-8D11-00A0C91BC942}") = "core_default", "Intermediate\core_default.vcxproj", "{F36742E7-38DC-4557-B632-6DFBBF94D4C0}"
EndProject
Project("{8BC9CEB8-8B4A-11D0-8D11-00A0C91BC942}") = "rendering_opengl", "Intermediate\rendering_opengl.vcxproj", "{6946E375-FA00-493A-B215-1A994C5E9FDC}"
	ProjectSection(ProjectDependencies) = postProject
		{F36742E7-38DC-4557-B632-6DFBBF94D4C0} = {F36742E7-38DC-4557-B632-6DFBBF94D4C0}
	EndProjectSection
EndProject
Project("{8BC9CEB8-8B4A-11D0-8D11-00A0C91BC942}") = "console_default", "Intermediate\console_default.vcxproj", "{A9EB45ED-3ADD-4D3F-86E6-3D4168E96251}"
	ProjectSection(ProjectDependencies) = postProject
		{F36742E7-38DC-4557-B632-6DFBBF94D4C0} = {F36742E7-38DC-4557-B632-6DFBBF94D4C0}
	EndProjectSection
EndProject
Project("{8BC9CEB8-8B4A-11D0-8D11-00A0C91BC942}") = "gameplay_default", "Intermediate\gameplay_default.vcxproj", "{2DF31FDE-9343-46E5-A675-F1A07036744F}"
	ProjectSection(ProjectDependencies) = postProject
		{F36742E7-38DC-4557-B632-6DFBBF94D4C0} = {F36742E7-38DC-4557-B632-6DFBBF94D4C0}
		{6946E375-FA00-493A-B215-1A994C5E9FDC} = {6946E375-FA00-493A-B215-1A994C5E9FDC}
	EndProjectSection
EndProject
Project("{8BC9CEB8-8B4A-11D0-8D11-00A0C91BC942}") = "scene_graph_default", "Intermediate\scene_graph_default.vcxproj", "{78A7F74E-2E4D-4666-9B49-370C72FD56B1}"
	ProjectSection(ProjectDependencies) = postProject
		{F36742E7-38DC-4557-B632-6DFBBF94D4C0} = {F36742E7-38DC-4557-B632-6DFBBF94D4C0}
	EndProjectSection
EndProject
Project("{8BC9CEB8-8B4A-11D0-8D11-00A0C91BC942}") = "gui_default", "Intermediate\gui_default.vcxproj", "{9AEECE73-82A4-4894-8B8A-0FD5BF21FC59}"
	ProjectSection(ProjectDependencies) = postProject
		{F36742E7-38DC-4557-B632-6DFBBF94D4C0} = {F36742E7-38DC-4557-B632-6DFBBF94D4C0}
		{6946E375-FA00-493A-B215-1A994C5E9FDC} = {6946E375-FA00-493A-B215-1A994C5E9FDC}
	EndProjectSection
EndProject
Project("{8BC9CEB8-8B4A-11D0-8D11-00A0C91BC942}") = "resource_importer_hub_default", "Intermediate\resource_importer_hub_default.vcxproj", "{306D6157-4C46-41A3-9266-F491C75B37ED}"
	ProjectSection(ProjectDependencies) = postProject
		{F36742E7-38DC-4557-B632-6DFBBF94D4C0} = {F36742E7-38DC-4557-B632-6DFBBF94D4C0}
	EndProjectSection
EndProject
Project("{8BC9CEB8-8B4A-11D0-8D11-00A0C91BC942}") = "resource_importer_model", "Intermediate\resource_importer_model.vcxproj", "{BB193CFF-C19F-4A41-B7C9-FCF23FC29608}"
	ProjectSection(ProjectDependencies) = postProject
		{F36742E7-38DC-4557-B632-6DFBBF94D4C0} = {F36742E7-38DC-4557-B632-6DFBBF94D4C0}
		{306D6157-4C46-41A3-9266-F491C75B37ED} = {306D6157-4C46-41A3-9266-F491C75B37ED}
	EndProjectSection
EndProject
Project("{8BC9CEB8-8B4A-11D0-8D11-00A0C91BC942}") = "resource_importer_texture", "Intermediate\resource_importer_texture.vcxproj", "{91A5C9E6-162E-457B-9FB7-34DB1A8BC12A}"
	ProjectSection(ProjectDependencies) = postProject
		{F36742E7-38DC-4557-B632-6DFBBF94D4C0} = {F36742E7-38DC-4557-B632-6DFBBF94D4C0}
		{306D6157-4C46-41A3-9266-F491C75B37ED} = {306D6157-4C46-41A3-9266-F491C75B37ED}
	EndProjectSection
EndProject
Global
	GlobalSection(SolutionConfigurationPlatforms) = preSolution
		Debug|x64 = Debug|x64
		Debug|x86 = Debug|x86
		Release|x64 = Release|x64
		Release|x86 = Release|x86
	EndGlobalSection
	GlobalSection(ProjectConfigurationPlatforms) = postSolution
		{EAD84F82-BF9A-46AC-8202-51150498EA54}.Debug|x64.ActiveCfg = Debug|x64
		{EAD84F82-BF9A-46AC-8202-51150498EA54}.Debug|x64.Build.0 = Debug|x64
		{EAD84F82-BF9A-46AC-8202-51150498EA54}.Debug|x86.ActiveCfg = Debug|Win32
		{EAD84F82-BF9A-46AC-8202-51150498EA54}.Debug|x86.Build.0 = Debug|Win32
		{EAD84F82-BF9A-46AC-8202-51150498EA54}.Release|x64.ActiveCfg = Release|x64
		{EAD84F82-BF9A-46AC-8202-51150498EA54}.Release|x64.Build.0 = Release|x64
		{EAD84F82-BF9A-46AC-8202-51150498EA54}.Release|x86.ActiveCfg = Release|Win32
		{EAD84F82-BF9A-46AC-8202-51150498EA54}.Release|x86.Build.0 = Release|Win32
		{14C45103-1D6C-4681-AC1B-4D03F0418ADF}.Debug|x64.ActiveCfg = Debug|x64
		{14C45103-1D6C-4681-AC1B-4D03F0418ADF}.Debug|x64.Build.0 = Debug|x64
		{14C45103-1D6C-4681-AC1B-4D03F0418ADF}.Debug|x86.ActiveCfg = Debug|Win32
		{14C45103-1D6C-4681-AC1B-4D03F0418ADF}.Debug|x86.Build.0 = Debug|Win32
		{14C45103-1D6C-4681-AC1B-4D03F0418ADF}.Release|x64.ActiveCfg = Release|x64
		{14C45103-1D6C-4681-AC1B-4D03F0418ADF}.Release|x64.Build.0 = Release|x64
		{14C45103-1D6C-4681-AC1B-4D03F0418ADF}.Release|x86.ActiveCfg = Release|Win32
		{14C45103-1D6C-4681-AC1B-4D03F0418ADF}.Release|x86.Build.0 = Release|Win32
		{F36742E7-38DC-4557-B632-6DFBBF94D4C0}.Debug|x64.ActiveCfg = Debug|x64
		{F36742E7-38DC-4557-B632-6DFBBF94D4C0}.Debug|x64.Build.0 = Debug|x64
		{F36742E7-38DC-4557-B632-6DFBBF94D4C0}.Debug|x86.ActiveCfg = Debug|Win32
		{F36742E7-38DC-4557-B632-6DFBBF94D4C0}.Debug|x86.Build.0 = Debug|Win32
		{F36742E7-38DC-4557-B632-6DFBBF94D4C0}.Release|x64.ActiveCfg = Release|x64
		{F36742E7-38DC-4557-B632-6DFBBF94D4C0}.Release|x64.Build.0 = Release|x64
		{F36742E7-38DC-4557-B632-6DFBBF94D4C0}.Release|x86.ActiveCfg = Release|Win32
		{F36742E7-38DC-4557-B632-6DFBBF94D4C0}.Release|x86.Build.0 = Release|Win32
		{6946E375-FA00-493A-B215-1A994C5E9FDC}.Debug|x64.ActiveCfg = Debug|x64
		{6946E375-FA00-493A-B215-1A994C5E9FDC}.Debug|x64.Build.0 = Debug|x64
		{6946E375-FA00-493A-B215-1A994C5E9FDC}.Debug|x86.ActiveCfg = Debug|Win32
		{6946E375-FA00-493A-B215-1A994C5E9FDC}.Debug|x86.Build.0 = Debug|Win32
		{6946E375-FA00-493A-B215-1A994C5E9FDC}.Release|x64.ActiveCfg = Release|x64
		{6946E375-FA00-493A-B215-1A994C5E9FDC}.Release|x64.Build.0 = Release|x64
		{6946E375-FA00-493A-B215-1A994C5E9FDC}.Release|x86.ActiveCfg = Release|Win32
		{6946E375-FA00-493A-B215-1A994C5E9FDC}.Release|x86.Build.0 = Release|Win32
		{A9EB45ED-3ADD-4D3F-86E6-3D4168E96251}.Debug|x64.ActiveCfg = Debug|x64
		{A9EB45ED-3ADD-4D3F-86E6-3D4168E96251}.Debug|x64.Build.0 = Debug|x64
		{A9EB45ED-3ADD-4D3F-86E6-3D4168E96251}.Debug|x86.ActiveCfg = Debug|Win32
		{A9EB45ED-3ADD-4D3F-86E6-3D4168E96251}.Debug|x86.Build.0 = Debug|Win32
		{A9EB45ED-3ADD-4D3F-86E6-3D4168E96251}.Release|x64.ActiveCfg = Release|x64
		{A9EB45ED-3ADD-4D3F-86E6-3D4168E96251}.Release|x64.Build.0 = Release|x64
		{A9EB45ED-3ADD-4D3F-86E6-3D4168E96251}.Release|x86.ActiveCfg = Release|Win32
		{A9EB45ED-3ADD-4D3F-86E6-3D4168E96251}.Release|x86.Build.0 = Release|Win32
		{2DF31FDE-9343-46E5-A675-F1A07036744F}.Debug|x64.ActiveCfg = Debug|x64
		{2DF31FDE-9343-46E5-A675-F1A07036744F}.Debug|x64.Build.0 = Debug|x64
		{2DF31FDE-9343-46E5-A675-F1A07036744F}.Debug|x86.ActiveCfg = Debug|Win32
		{2DF31FDE-9343-46E5-A675-F1A07036744F}.Debug|x86.Build.0 = Debug|Win32
		{2DF31FDE-9343-46E5-A675-F1A07036744F}.Release|x64.ActiveCfg = Release|x64
		{2DF31FDE-9343-46E5-A675-F1A07036744F}.Release|x64.Build.0 = Release|x64
		{2DF31FDE-9343-46E5-A675-F1A07036744F}.Release|x86.ActiveCfg = Release|Win32
		{2DF31FDE-9343-46E5-A675-F1A07036744F}.Release|x86.Build.0 = Release|Win32
		{78A7F74E-2E4D-4666-9B49-370C72FD56B1}.Debug|x64.ActiveCfg = Debug|x64
		{78A7F74E-2E4D-4666-9B49-370C72FD56B1}.Debug|x64.Build.0 = Debug|x64
		{78A7F74E-2E4D-4666-9B49-370C72FD56B1}.Debug|x86.ActiveCfg = Debug|Win32
		{78A7F74E-2E4D-4666-9B49-370C72FD56B1}.Debug|x86.Build.0 = Debug|Win32
		{78A7F74E-2E4D-4666-9B49-370C72FD56B1}.Release|x64.ActiveCfg = Release|x64
		{78A7F74E-2E4D-4666-9B49-370C72FD56B1}.Release|x64.Build.0 = Release|x64
		{78A7F74E-2E4D-4666-9B49-370C72FD56B1}.Release|x86.ActiveCfg = Release|Win32
		{78A7F74E-2E4D-4666-9B49-370C72FD56B1}.Release|x86.Build.0 = Release|Win32
		{9AEECE73-82A4-4894-8B8A-0FD5BF21FC59}.Debug|x64.ActiveCfg = Debug|x64
		{9AEECE73-82A4-4894-8B8A-0FD5BF21FC59}.Debug|x64.Build.0 = Debug|x64
		{9AEECE73-82A4-4894-8B8A-0FD5BF21FC59}.Debug|x86.ActiveCfg = Debug|Win32
		{9AEECE73-82A4-4894-8B8A-0FD5BF21FC59}.Debug|x86.Build.0 = Debug|Win32
		{9AEECE73-82A4-4894-8B8A-0FD5BF21FC59}.Release|x64.ActiveCfg = Release|x64
		{9AEECE73-82A4-4894-8B8A-0FD5BF21FC59}.Release|x64.Build.0 = Release|x64
		{9AEECE73-82A4-4894-8B8A-0FD5BF21FC59}.Release|x86.ActiveCfg = Release|Win32
		{9AEECE73-82A4-4894-8B8A-0FD5BF21FC59}.Release|x86.Build.0 = Release|Win32
		{306D6157-4C46-41A3-9266-F491C75B37ED}.Debug|x64.ActiveCfg = Debug|x64
		{306D6157-4C46-41A3-9266-F491C75B37ED}.Debug|x64.Build.0 = Debug|x64
		{306D6157-4C46-41A3-9266-F491C75B37ED}.Debug|x86.ActiveCfg = Debug|Win32
		{306D6157-4C46-41A3-9266-F491C75B37ED}.Debug|x86.Build.0 = Debug|Win32
		{306D6157-4C46-41A3-9266-F491C75B37ED}.Release|x64.ActiveCfg = Release|x64
		{306D6157-4C46-41A3-9266-F491C75B37ED}.Release|x64.Build.0 = Release|x64
		{306D6157-4C46-41A3-9266-F491C75B37ED}.Release|x86.ActiveCfg = Release|Win32
		{306D6157-4C46-41A3-9266-F491C75B37ED}.Release|x86.Build.0 = Release|Win32
		{BB193CFF-C19F-4A41-B7C9-FCF23FC29608}.Debug|x64.ActiveCfg = Debug|x64
		{BB193CFF-C19F-4A41-B7C9-FCF23FC29608}.Debug|x64.Build.0 = Debug|x64
		{BB193CFF-C19F-4A41-B7C9-FCF23FC29608}.Debug|x86.ActiveCfg = Debug|Win32
		{BB193CFF-C19F-4A41-B7C9-FCF23FC29608}.Debug|x86.Build.0 = Debug|Win32
		{BB193CFF-C19F-4A41-B7C9-FCF23FC29608}.Release|x64.ActiveCfg = Release|x64
		{BB193CFF-C19F-4A41-B7C9-FCF23FC29608}.Release|x64.Build.0 = Release|x64
		{BB193CFF-C19F-4A41-B7C9-FCF23FC29608}.Release|x86.ActiveCfg = Release|Win32
		{BB193CFF-C19F-4A41-B7C9-FCF23FC29608}.Release|x86.Build.0 = Release|Win32
		{91A5C9E6-162E-457B-9FB7-34DB1A8BC12A}.Debug|x64.ActiveCfg = Debug|x64
		{91A5C9E6-162E-457B-9FB7-34DB1A8BC12A}.Debug|x64.Build.0 = Debug|x64
		{91A5C9E6-162E-457B-9FB7-34DB1A8BC12A}.Debug|x86.ActiveCfg = Debug|Win32
		{91A5C9E6-162E-457B-9FB7-34DB1A8BC12A}.Debug|x86.Build.0 = Debug|Win32
		{91A5C9E6-162E-457B-9FB7-34DB1A8BC12A}.Release|x64.ActiveCfg = Release|x64
		{91A5C9E6-162E-457B-9FB7-34DB1A8BC12A}.Release|x64.Build.0 = Release|x64
		{91A5C9E6-162E-457B-9FB7-34DB1A8BC12A}.Release|x86.ActiveCfg = Release|Win32
		{91A5C9E6-162E-457B-9FB7-34DB1A8BC12A}.Release|x86.Build.0 = Release|Win32
	EndGlobalSection
	GlobalSection(SolutionProperties) = preSolution
		HideSolutionNode = FALSE
	EndGlobalSection
EndGlobal
